
Microsoft Visual Studio Solution File, Format Version 12.00
# Visual Studio Version 16
VisualStudioVersion = 16.0.32126.315
MinimumVisualStudioVersion = 10.0.40219.1
Project("{2150E333-8FDC-42A3-9474-1A3956D46DE8}") = "src", "src", "{3EF6239F-6CBC-45DC-B04C-5745061F0AC1}"
EndProject
Project("{2150E333-8FDC-42A3-9474-1A3956D46DE8}") = "solution items", "solution items", "{1EFAD94B-8F9C-4C15-ACF3-D7531665D1BD}"
	ProjectSection(SolutionItems) = preProject
		.gitignore = .gitignore
		README.md = README.md
	EndProjectSection
EndProject
Project("{2150E333-8FDC-42A3-9474-1A3956D46DE8}") = "Services", "Services", "{710F4D95-4914-40B0-A9D4-276EF3A00C47}"
EndProject
Project("{2150E333-8FDC-42A3-9474-1A3956D46DE8}") = "kubernetes", "kubernetes", "{41E0D3E3-0083-4CE9-9A1A-5E0E14DCD91B}"
	ProjectSection(SolutionItems) = preProject
		gateway-deploy.yml = gateway-deploy.yml
		gateway-pod.yml = gateway-pod.yml
		gateway-service.yml = gateway-service.yml
		microservice-book-deploy.yml = microservice-book-deploy.yml
		microservice-book-pod.yml = microservice-book-pod.yml
		microservice-book-service.yml = microservice-book-service.yml
		microservice-identity-deploy.yml = microservice-identity-deploy.yml
		microservice-identity-pod.yml = microservice-identity-pod.yml
		microservice-identity-service.yml = microservice-identity-service.yml
		mongo-deploy.yml = mongo-deploy.yml
		mongo-pod.yml = mongo-pod.yml
		mongo-service.yml = mongo-service.yml
		sqlserver-deploy.yml = sqlserver-deploy.yml
		sqlserver-pod.yml = sqlserver-pod.yml
		sqlserver-service.yml = sqlserver-service.yml
	EndProjectSection
EndProject
Project("{2150E333-8FDC-42A3-9474-1A3956D46DE8}") = "ApiGateway", "ApiGateway", "{830AAA54-3240-4145-B8CB-63F54F79EEED}"
EndProject
Project("{9A19103F-16F7-4668-BE54-9A1E7A4F7556}") = "TheSouthlLibrary.Gateway.Api", "src\ApiGateway\TheSouthlLibrary.Gateway.Api\TheSouthlLibrary.Gateway.Api.csproj", "{EA804207-324F-4DF8-81D6-1F6ACB2ADE04}"
EndProject
Project("{2150E333-8FDC-42A3-9474-1A3956D46DE8}") = "Book", "Book", "{6E2BF78D-992F-4316-B9A6-36F78F9FE35C}"
EndProject
Project("{2150E333-8FDC-42A3-9474-1A3956D46DE8}") = "Identity", "Identity", "{D95F2D28-503A-4D20-8A68-7B35995B088C}"
EndProject
Project("{9A19103F-16F7-4668-BE54-9A1E7A4F7556}") = "TheSouthlLibrary.Book.Api", "src\Services\Book\TheSouthlLibrary.Book.Api\TheSouthlLibrary.Book.Api.csproj", "{55BE5071-D9C5-4B88-92AD-0D5EBD0E5019}"
EndProject
Project("{9A19103F-16F7-4668-BE54-9A1E7A4F7556}") = "TheSouthlLibrary.Book.Core", "src\Services\Book\TheSouthlLibrary.Book.Core\TheSouthlLibrary.Book.Core.csproj", "{425C8DCD-00E0-4321-98A0-9080A66C54DA}"
EndProject
Project("{9A19103F-16F7-4668-BE54-9A1E7A4F7556}") = "TheSouthlLibrary.Book.Infrastructure", "src\Services\Book\TheSouthlLibrary.Book.Infrastructure\TheSouthlLibrary.Book.Infrastructure.csproj", "{72556254-0F43-47F1-936E-6646D84FC2B4}"
EndProject
Project("{9A19103F-16F7-4668-BE54-9A1E7A4F7556}") = "TheSouthlLibrary.Identity.Api", "src\Services\Identity\TheSouthlLibrary.Identity.Api\TheSouthlLibrary.Identity.Api.csproj", "{6FD56287-6BE5-42C1-96F0-3700F8E377A1}"
EndProject
Project("{2150E333-8FDC-42A3-9474-1A3956D46DE8}") = "Tests", "Tests", "{129E48A7-4AAE-4356-B510-489D7D06B9C1}"
EndProject
Project("{2150E333-8FDC-42A3-9474-1A3956D46DE8}") = "Tests", "Tests", "{AB558DB9-1447-43D4-8CBA-9A44A2FE8805}"
EndProject
Project("{2150E333-8FDC-42A3-9474-1A3956D46DE8}") = "Tests", "Tests", "{0147FEA0-35C3-4D86-8C05-27361573D718}"
EndProject
Global
	GlobalSection(SolutionConfigurationPlatforms) = preSolution
		Debug|Any CPU = Debug|Any CPU
		Release|Any CPU = Release|Any CPU
	EndGlobalSection
	GlobalSection(ProjectConfigurationPlatforms) = postSolution
		{EA804207-324F-4DF8-81D6-1F6ACB2ADE04}.Debug|Any CPU.ActiveCfg = Debug|Any CPU
		{EA804207-324F-4DF8-81D6-1F6ACB2ADE04}.Debug|Any CPU.Build.0 = Debug|Any CPU
		{EA804207-324F-4DF8-81D6-1F6ACB2ADE04}.Release|Any CPU.ActiveCfg = Release|Any CPU
		{EA804207-324F-4DF8-81D6-1F6ACB2ADE04}.Release|Any CPU.Build.0 = Release|Any CPU
		{55BE5071-D9C5-4B88-92AD-0D5EBD0E5019}.Debug|Any CPU.ActiveCfg = Debug|Any CPU
		{55BE5071-D9C5-4B88-92AD-0D5EBD0E5019}.Debug|Any CPU.Build.0 = Debug|Any CPU
		{55BE5071-D9C5-4B88-92AD-0D5EBD0E5019}.Release|Any CPU.ActiveCfg = Release|Any CPU
		{55BE5071-D9C5-4B88-92AD-0D5EBD0E5019}.Release|Any CPU.Build.0 = Release|Any CPU
		{425C8DCD-00E0-4321-98A0-9080A66C54DA}.Debug|Any CPU.ActiveCfg = Debug|Any CPU
		{425C8DCD-00E0-4321-98A0-9080A66C54DA}.Debug|Any CPU.Build.0 = Debug|Any CPU
		{425C8DCD-00E0-4321-98A0-9080A66C54DA}.Release|Any CPU.ActiveCfg = Release|Any CPU
		{425C8DCD-00E0-4321-98A0-9080A66C54DA}.Release|Any CPU.Build.0 = Release|Any CPU
		{72556254-0F43-47F1-936E-6646D84FC2B4}.Debug|Any CPU.ActiveCfg = Debug|Any CPU
		{72556254-0F43-47F1-936E-6646D84FC2B4}.Debug|Any CPU.Build.0 = Debug|Any CPU
		{72556254-0F43-47F1-936E-6646D84FC2B4}.Release|Any CPU.ActiveCfg = Release|Any CPU
		{72556254-0F43-47F1-936E-6646D84FC2B4}.Release|Any CPU.Build.0 = Release|Any CPU
		{6FD56287-6BE5-42C1-96F0-3700F8E377A1}.Debug|Any CPU.ActiveCfg = Debug|Any CPU
		{6FD56287-6BE5-42C1-96F0-3700F8E377A1}.Debug|Any CPU.Build.0 = Debug|Any CPU
		{6FD56287-6BE5-42C1-96F0-3700F8E377A1}.Release|Any CPU.ActiveCfg = Release|Any CPU
		{6FD56287-6BE5-42C1-96F0-3700F8E377A1}.Release|Any CPU.Build.0 = Release|Any CPU
	EndGlobalSection
	GlobalSection(SolutionProperties) = preSolution
		HideSolutionNode = FALSE
	EndGlobalSection
	GlobalSection(NestedProjects) = preSolution
		{710F4D95-4914-40B0-A9D4-276EF3A00C47} = {3EF6239F-6CBC-45DC-B04C-5745061F0AC1}
		{830AAA54-3240-4145-B8CB-63F54F79EEED} = {3EF6239F-6CBC-45DC-B04C-5745061F0AC1}
		{EA804207-324F-4DF8-81D6-1F6ACB2ADE04} = {830AAA54-3240-4145-B8CB-63F54F79EEED}
		{6E2BF78D-992F-4316-B9A6-36F78F9FE35C} = {710F4D95-4914-40B0-A9D4-276EF3A00C47}
		{D95F2D28-503A-4D20-8A68-7B35995B088C} = {710F4D95-4914-40B0-A9D4-276EF3A00C47}
		{55BE5071-D9C5-4B88-92AD-0D5EBD0E5019} = {6E2BF78D-992F-4316-B9A6-36F78F9FE35C}
		{425C8DCD-00E0-4321-98A0-9080A66C54DA} = {6E2BF78D-992F-4316-B9A6-36F78F9FE35C}
		{72556254-0F43-47F1-936E-6646D84FC2B4} = {6E2BF78D-992F-4316-B9A6-36F78F9FE35C}
		{6FD56287-6BE5-42C1-96F0-3700F8E377A1} = {D95F2D28-503A-4D20-8A68-7B35995B088C}
		{129E48A7-4AAE-4356-B510-489D7D06B9C1} = {830AAA54-3240-4145-B8CB-63F54F79EEED}
		{AB558DB9-1447-43D4-8CBA-9A44A2FE8805} = {6E2BF78D-992F-4316-B9A6-36F78F9FE35C}
		{0147FEA0-35C3-4D86-8C05-27361573D718} = {D95F2D28-503A-4D20-8A68-7B35995B088C}
	EndGlobalSection
	GlobalSection(ExtensibilityGlobals) = postSolution
		SolutionGuid = {7A4353C9-9BA7-482F-9D1A-678ABD9FF8BE}
	EndGlobalSection
EndGlobal
